
Microsoft Visual Studio Solution File, Format Version 12.00
# Visual Studio Version 17
VisualStudioVersion = 17.0.31903.59
MinimumVisualStudioVersion = 10.0.40219.1
Project("{9A19103F-16F7-4668-BE54-9A1E7A4F7556}") = "Client", "client\Client.csproj", "{7A2A380D-C1EB-4589-8E6D-4B9896CBD108}"
EndProject
Project("{9A19103F-16F7-4668-BE54-9A1E7A4F7556}") = "Logic", "Logic\Logic.csproj", "{6284D79A-1595-43A9-A528-E832311EE718}"
EndProject
Project("{FAE04EC0-301F-11D3-BF4B-00C04F79EFBC}") = "Api", "Api\Api.csproj", "{46881D34-1F6C-4145-BB12-651C5B4C3A56}"
EndProject
Global
	GlobalSection(SolutionConfigurationPlatforms) = preSolution
		Debug|Any CPU = Debug|Any CPU
		Release|Any CPU = Release|Any CPU
	EndGlobalSection
	GlobalSection(ProjectConfigurationPlatforms) = postSolution
		{7A2A380D-C1EB-4589-8E6D-4B9896CBD108}.Debug|Any CPU.ActiveCfg = Debug|Any CPU
		{7A2A380D-C1EB-4589-8E6D-4B9896CBD108}.Debug|Any CPU.Build.0 = Debug|Any CPU
		{7A2A380D-C1EB-4589-8E6D-4B9896CBD108}.Release|Any CPU.ActiveCfg = Release|Any CPU
		{7A2A380D-C1EB-4589-8E6D-4B9896CBD108}.Release|Any CPU.Build.0 = Release|Any CPU
		{6284D79A-1595-43A9-A528-E832311EE718}.Debug|Any CPU.ActiveCfg = Debug|Any CPU
		{6284D79A-1595-43A9-A528-E832311EE718}.Debug|Any CPU.Build.0 = Debug|Any CPU
		{6284D79A-1595-43A9-A528-E832311EE718}.Release|Any CPU.ActiveCfg = Release|Any CPU
		{6284D79A-1595-43A9-A528-E832311EE718}.Release|Any CPU.Build.0 = Release|Any CPU
		{46881D34-1F6C-4145-BB12-651C5B4C3A56}.Debug|Any CPU.ActiveCfg = Debug|Any CPU
		{46881D34-1F6C-4145-BB12-651C5B4C3A56}.Debug|Any CPU.Build.0 = Debug|Any CPU
		{46881D34-1F6C-4145-BB12-651C5B4C3A56}.Release|Any CPU.ActiveCfg = Release|Any CPU
		{46881D34-1F6C-4145-BB12-651C5B4C3A56}.Release|Any CPU.Build.0 = Release|Any CPU
	EndGlobalSection
	GlobalSection(SolutionProperties) = preSolution
		HideSolutionNode = FALSE
	EndGlobalSection
	GlobalSection(ExtensibilityGlobals) = postSolution
		SolutionGuid = {7382ECBF-0F6F-433E-B2B6-2DCCC620FED1}
	EndGlobalSection
EndGlobal
