
Microsoft Visual Studio Solution File, Format Version 12.00
# Visual Studio Version 17
VisualStudioVersion = 17.0.31903.59
MinimumVisualStudioVersion = 10.0.40219.1
Project("{9A19103F-16F7-4668-BE54-9A1E7A4F7556}") = "Logic", "Logic\Logic.csproj", "{6284D79A-1595-43A9-A528-E832311EE718}"
EndProject
Project("{FAE04EC0-301F-11D3-BF4B-00C04F79EFBC}") = "Game", "Game\Game.csproj", "{88459EC2-909B-4CFB-B240-52DA15A31354}"
EndProject
Project("{FAE04EC0-301F-11D3-BF4B-00C04F79EFBC}") = "Api", "Api\Api.csproj", "{6982E91F-776A-472A-B3D7-7A881E14B34D}"
EndProject
Global
	GlobalSection(SolutionConfigurationPlatforms) = preSolution
		Debug|Any CPU = Debug|Any CPU
		Release|Any CPU = Release|Any CPU
	EndGlobalSection
	GlobalSection(ProjectConfigurationPlatforms) = postSolution
		{6284D79A-1595-43A9-A528-E832311EE718}.Debug|Any CPU.ActiveCfg = Debug|Any CPU
		{6284D79A-1595-43A9-A528-E832311EE718}.Debug|Any CPU.Build.0 = Debug|Any CPU
		{6284D79A-1595-43A9-A528-E832311EE718}.Release|Any CPU.ActiveCfg = Release|Any CPU
		{6284D79A-1595-43A9-A528-E832311EE718}.Release|Any CPU.Build.0 = Release|Any CPU
		{88459EC2-909B-4CFB-B240-52DA15A31354}.Debug|Any CPU.ActiveCfg = Debug|Any CPU
		{88459EC2-909B-4CFB-B240-52DA15A31354}.Debug|Any CPU.Build.0 = Debug|Any CPU
		{88459EC2-909B-4CFB-B240-52DA15A31354}.Release|Any CPU.ActiveCfg = Release|Any CPU
		{88459EC2-909B-4CFB-B240-52DA15A31354}.Release|Any CPU.Build.0 = Release|Any CPU
		{6982E91F-776A-472A-B3D7-7A881E14B34D}.Debug|Any CPU.ActiveCfg = Debug|Any CPU
		{6982E91F-776A-472A-B3D7-7A881E14B34D}.Debug|Any CPU.Build.0 = Debug|Any CPU
		{6982E91F-776A-472A-B3D7-7A881E14B34D}.Release|Any CPU.ActiveCfg = Release|Any CPU
		{6982E91F-776A-472A-B3D7-7A881E14B34D}.Release|Any CPU.Build.0 = Release|Any CPU
	EndGlobalSection
	GlobalSection(SolutionProperties) = preSolution
		HideSolutionNode = FALSE
	EndGlobalSection
	GlobalSection(ExtensibilityGlobals) = postSolution
		SolutionGuid = {7382ECBF-0F6F-433E-B2B6-2DCCC620FED1}
	EndGlobalSection
EndGlobal
